{
  "name": "repex-types",
  "version": "1.0.0",
  "lockfileVersion": 1,
  "requires": true,
  "dependencies": {
    "fp-ts": {
      "version": "0.6.3",
      "resolved": "https://registry.npmjs.org/fp-ts/-/fp-ts-0.6.3.tgz",
      "integrity": "sha512-3Vv9E/oTM+1J1F/EEo1dOtpFj3NmHZvSN98dmF8OluBH/im/wSeZYsufB/D3ZeBH1Lc5GL23Nhqo2Z3S5deSPw=="
    },
    "io-ts": {
      "version": "0.8.2",
      "resolved": "https://registry.npmjs.org/io-ts/-/io-ts-0.8.2.tgz",
      "integrity": "sha512-NWjtYVcpkRNr5ccTOFg0KdVlFC4POsc/rGXz0LPX0z8iG6VFvuhNU3Uaxj7WW2dncj6omN43hHJba8YD3qR5Xw==",
      "requires": {
        "fp-ts": "0.6.3"
      }
    },
    "typescript": {
      "version": "2.6.1",
      "resolved": "https://registry.npmjs.org/typescript/-/typescript-2.6.1.tgz",
      "integrity": "sha1-7znN6ierrAtQAkLWcmq5DgyEZjE=",
      "dev": true
    }
  }
}
