{
  "name": "repex-types",
  "version": "0.0.8",
  "lockfileVersion": 1,
  "requires": true,
  "dependencies": {
    "fp-ts": {
      "version": "0.6.8",
      "resolved": "https://registry.npmjs.org/fp-ts/-/fp-ts-0.6.8.tgz",
      "integrity": "sha512-T//qYN1EcKrFiyp9MjkElsNzTf40E7tLen7bYKIVWTFhpV7TeH2xPEETm+JidhWMCgbUbmzU6FvAdTqZmIKGGg=="
    },
    "io-ts": {
      "version": "0.9.7",
      "resolved": "https://registry.npmjs.org/io-ts/-/io-ts-0.9.7.tgz",
      "integrity": "sha512-M8dH7C0REsXjP7biSxDjizZHv76fNYlSOP/hwq4zCQUk1yK8y0UiUCwrrVwYZ6tkVVtDCXAHVg2OWB2CEkYeCg==",
      "requires": {
        "fp-ts": "0.6.8"
      }
    },
    "prettier": {
      "version": "1.10.2",
      "resolved": "https://registry.npmjs.org/prettier/-/prettier-1.10.2.tgz",
      "integrity": "sha512-TcdNoQIWFoHblurqqU6d1ysopjq7UX0oRcT/hJ8qvBAELiYWn+Ugf0AXdnzISEJ7vuhNnQ98N8jR8Sh53x4IZg==",
      "dev": true
    },
    "typescript": {
      "version": "2.7.1",
      "resolved": "https://registry.npmjs.org/typescript/-/typescript-2.7.1.tgz",
      "integrity": "sha512-bqB1yS6o9TNA9ZC/MJxM0FZzPnZdtHj0xWK/IZ5khzVqdpGul/R/EIiHRgFXlwTD7PSIaYVnGKq1QgMCu2mnqw==",
      "dev": true
    }
  }
}
